
Microsoft Visual Studio Solution File, Format Version 12.00
# Visual Studio Version 16
VisualStudioVersion = 16.0.31829.152
MinimumVisualStudioVersion = 10.0.40219.1
Project("{FAE04EC0-301F-11D3-BF4B-00C04F79EFBC}") = "MockAssessment7", "MockAssessment7.csproj", "{FC0A144E-A5A4-4486-9F2C-A4235791764A}"
EndProject
Global
	GlobalSection(SolutionConfigurationPlatforms) = preSolution
		Debug|Any CPU = Debug|Any CPU
		Release|Any CPU = Release|Any CPU
	EndGlobalSection
	GlobalSection(ProjectConfigurationPlatforms) = postSolution
		{FC0A144E-A5A4-4486-9F2C-A4235791764A}.Debug|Any CPU.ActiveCfg = Debug|Any CPU
		{FC0A144E-A5A4-4486-9F2C-A4235791764A}.Debug|Any CPU.Build.0 = Debug|Any CPU
		{FC0A144E-A5A4-4486-9F2C-A4235791764A}.Release|Any CPU.ActiveCfg = Release|Any CPU
		{FC0A144E-A5A4-4486-9F2C-A4235791764A}.Release|Any CPU.Build.0 = Release|Any CPU
	EndGlobalSection
	GlobalSection(SolutionProperties) = preSolution
		HideSolutionNode = FALSE
	EndGlobalSection
	GlobalSection(ExtensibilityGlobals) = postSolution
		SolutionGuid = {54F18624-B221-4013-AED5-CE8CE9703854}
	EndGlobalSection
EndGlobal
